PODS:
  - Alamofire (4.9.1)
  - Easy (2.8.3):
    - Easy/Core (= 2.8.3)
    - Easy/Session (= 2.8.3)
  - Easy/Beta (2.8.3):
    - Easy/Core
    - Easy/Session
    - FLEX (~> 4.4.0)
    - GDPerformanceView-Swift (~> 2.1.1)
    - OOMDetector (~> 1.3)
  - Easy/Common (2.8.3):
    - MBProgressHUD (~> 1.2.0)
    - MJRefresh (~> 3.5.0)
    - RTRootNavigationController (~> 0.7.2)
    - SDWebImage (~> 5.10.4)
  - Easy/Core (2.8.3):
    - SnapKit (~> 4.2.0)
  - Easy/PageController (2.8.3):
    - Easy/Core
    - WMPageController (~> 2.5.2)
  - Easy/PhotoBrowser (2.8.3):
    - Easy/Core
    - ZLPhotoBrowser (~> 3.2.0)
  - Easy/RSA (2.8.3):
    - Easy/Core
    - SwiftyRSA (~> 1.5.0)
  - Easy/Scan (2.8.3):
    - Easy/Core
  - Easy/Session (2.8.3):
    - Alamofire (~> 4.9.1)
    - Easy/Core
  - Easy/Social (2.8.3):
    - Easy/Core
    - MonkeyKing (~> 2.1.0)
  - fishhook (0.2)
  - FLEX (4.4.0)
  - GDPerformanceView-Swift (2.1.1)
  - MBProgressHUD (1.2.0)
  - MJRefresh (3.5.0)
  - MonkeyKing (2.1.0)
  - OOMDetector (1.3):
    - fishhook (= 0.2)
  - RTRootNavigationController (0.7.2):
    - RTRootNavigationController/Core (= 0.7.2)
  - RTRootNavigationController/Core (0.7.2)
  - SDWebImage (5.10.4):
    - SDWebImage/Core (= 5.10.4)
  - SDWebImage/Core (5.10.4)
  - SnapKit (4.2.0)
  - SwiftyRSA (1.5.0):
    - SwiftyRSA/ObjC (= 1.5.0)
  - SwiftyRSA/ObjC (1.5.0)
  - WMPageController (2.5.2)
  - ZLPhotoBrowser (3.2.0):
    - SDWebImage

DEPENDENCIES:
  - Easy (from `../`)
  - Easy/Beta (from `../`)
  - Easy/Common (from `../`)
  - Easy/PageController (from `../`)
  - Easy/PhotoBrowser (from `../`)
  - Easy/RSA (from `../`)
  - Easy/Scan (from `../`)
  - Easy/Social (from `../`)

SPEC REPOS:
  trunk:
    - Alamofire
    - fishhook
    - FLEX
    - GDPerformanceView-Swift
    - MBProgressHUD
    - MJRefresh
    - MonkeyKing
    - OOMDetector
    - RTRootNavigationController
    - SDWebImage
    - SnapKit
    - SwiftyRSA
    - WMPageController
    - ZLPhotoBrowser

EXTERNAL SOURCES:
  Easy:
    :path: "../"

SPEC CHECKSUMS:
  Alamofire: 85e8a02c69d6020a0d734f6054870d7ecb75cf18
  Easy: 045a36d7552c2272c7b82d98aff3eb22b7fe3ab6
  fishhook: ea19933abfe8f2f52c55fd8b6e2718467d3ebc89
  FLEX: 0592c011c6dfbfdb94a5e24f2d4a9dbff0c6026d
  GDPerformanceView-Swift: 22d964fe40b19e3d914dba2586237d064de8fd77
  MBProgressHUD: 3ee5efcc380f6a79a7cc9b363dd669c5e1ae7406
  MJRefresh: 6afc955813966afb08305477dd7a0d9ad5e79a16
  MonkeyKing: 1656e3e01911b5f72f988d4496c1cc988d0c009c
  OOMDetector: c23f4dfc969ea9bbd68a57cf7e5a3ca2169263cd
  RTRootNavigationController: 8344c2352d6d40fa370d0366efae2c84a945213f
  SDWebImage: c666b97e1fa9c64b4909816a903322018f0a9c84
  SnapKit: fe8a619752f3f27075cc9a90244d75c6c3f27e2a
  SwiftyRSA: 6e528fb1b1a87d5111c48081083b141d6d65f1cf
  WMPageController: 0c7624d2b48e4f1ab92371688cf6744ed701575d
  ZLPhotoBrowser: 3748fdbeb2b28961c2495d15131dbf413082e1b9

PODFILE CHECKSUM: 99bb7d29e13a120f2bf51396e74e45c0594a949d

COCOAPODS: 1.10.1
