PODS:
  - Alamofire (5.5.0)
  - Easy (2.9.1):
    - Easy/Core (= 2.9.1)
    - Easy/Session (= 2.9.1)
  - Easy/Common (2.9.1):
    - MBProgressHUD (~> 1.2.0)
    - MJRefresh (~> 3.5.0)
    - RTRootNavigationController (~> 0.7.2)
    - SDWebImage (~> 5.11.1)
  - Easy/Core (2.9.1):
    - SnapKit (~> 5.0.1)
  - Easy/PageController (2.9.1):
    - Easy/Core
    - WMPageController (~> 2.5.2)
  - Easy/PhotoBrowser (2.9.1):
    - Easy/Core
    - ZLPhotoBrowser (~> 4.3.8)
  - Easy/RSA (2.9.1):
    - Easy/Core
    - SwiftyRSA (~> 1.5.0)
  - Easy/Scan (2.9.1):
    - Easy/Core
  - Easy/Session (2.9.1):
    - Alamofire (~> 5.5.0)
    - Easy/Core
  - Easy/Social (2.9.1):
    - Easy/Core
    - MonkeyKing (~> 2.1.0)
  - EasyBeta (0.2.0):
    - Easy/Session (~> 2.9.0)
    - FLEX (~> 4.6.1)
    - GDPerformanceView-Swift (~> 2.1.1)
    - OOMDetector (~> 1.3)
  - fishhook (0.2)
  - FLEX (4.6.1)
  - GDPerformanceView-Swift (2.1.1)
  - MBProgressHUD (1.2.0)
  - MJRefresh (3.5.0)
  - MonkeyKing (2.1.0)
  - OOMDetector (1.3):
    - fishhook (= 0.2)
  - RTRootNavigationController (0.7.2):
    - RTRootNavigationController/Core (= 0.7.2)
  - RTRootNavigationController/Core (0.7.2)
  - SDWebImage (5.11.1):
    - SDWebImage/Core (= 5.11.1)
  - SDWebImage/Core (5.11.1)
  - SnapKit (5.0.1)
  - SwiftyRSA (1.5.0):
    - SwiftyRSA/ObjC (= 1.5.0)
  - SwiftyRSA/ObjC (1.5.0)
  - WMPageController (2.5.2)
  - ZLPhotoBrowser (4.3.8):
    - ZLPhotoBrowser/Core (= 4.3.8)
  - ZLPhotoBrowser/Core (4.3.8)

DEPENDENCIES:
  - Easy (from `../`)
  - Easy/Common (from `../`)
  - Easy/PageController (from `../`)
  - Easy/PhotoBrowser (from `../`)
  - Easy/RSA (from `../`)
  - Easy/Scan (from `../`)
  - Easy/Social (from `../`)
  - EasyBeta (from `../../EasyBeta`)

SPEC REPOS:
  trunk:
    - Alamofire
    - fishhook
    - FLEX
    - GDPerformanceView-Swift
    - MBProgressHUD
    - MJRefresh
    - MonkeyKing
    - OOMDetector
    - RTRootNavigationController
    - SDWebImage
    - SnapKit
    - SwiftyRSA
    - WMPageController
    - ZLPhotoBrowser

EXTERNAL SOURCES:
  Easy:
    :path: "../"
  EasyBeta:
    :path: "../../EasyBeta"

SPEC CHECKSUMS:
  Alamofire: 1c4fb5369c3fe93d2857c780d8bbe09f06f97e7c
  Easy: 9007d5947baaee3f81f6d1af4f85a6c30928246f
  EasyBeta: 9b2a93a8cb6a14d7355f60a4e1316b2e3239b77d
  fishhook: ea19933abfe8f2f52c55fd8b6e2718467d3ebc89
  FLEX: bbc55d197f87d7cde2454c3981aa47069b694144
  GDPerformanceView-Swift: 22d964fe40b19e3d914dba2586237d064de8fd77
  MBProgressHUD: 3ee5efcc380f6a79a7cc9b363dd669c5e1ae7406
  MJRefresh: 6afc955813966afb08305477dd7a0d9ad5e79a16
  MonkeyKing: 1656e3e01911b5f72f988d4496c1cc988d0c009c
  OOMDetector: c23f4dfc969ea9bbd68a57cf7e5a3ca2169263cd
  RTRootNavigationController: 8344c2352d6d40fa370d0366efae2c84a945213f
  SDWebImage: a7f831e1a65eb5e285e3fb046a23fcfbf08e696d
  SnapKit: 97b92857e3df3a0c71833cce143274bf6ef8e5eb
  SwiftyRSA: 6e528fb1b1a87d5111c48081083b141d6d65f1cf
  WMPageController: 0c7624d2b48e4f1ab92371688cf6744ed701575d
  ZLPhotoBrowser: a36e618898b781c225672115938ed861a11b2121

PODFILE CHECKSUM: 12cf4965f05a62f2f8410a0c3702223c83d93da2

COCOAPODS: 1.11.3
