PODS:
  - Alamofire (4.7.3)
  - Easy (0.1.0):
    - Easy/Core (= 0.1.0)
    - Easy/Session (= 0.1.0)
  - Easy/Core (0.1.0):
    - SnapKit
  - Easy/Session (0.1.0):
    - Alamofire
  - SnapKit (4.0.1)

DEPENDENCIES:
  - Easy (from `../`)

SPEC REPOS:
  https://github.com/cocoapods/specs.git:
    - Alamofire
    - SnapKit

EXTERNAL SOURCES:
  Easy:
    :path: "../"

SPEC CHECKSUMS:
  Alamofire: c7287b6e5d7da964a70935e5db17046b7fde6568
  Easy: bc5cad8940aeddedf74fd1f52a64aa43da6cdd98
  SnapKit: 0de968a9fec17499afa29683b05d0c775b6d1c29

PODFILE CHECKSUM: 1008f22bbe753b607938f000ecab1ba2106f0260

COCOAPODS: 1.5.3
