// !$*UTF8*$!
{
	archiveVersion = 1;
	classes = {
	};
	objectVersion = 46;
	objects = {

/* Begin PBXBuildFile section */
		1BF3454F22758578B34D6082 /* Pods_Easy_Example_Beta.framework in Frameworks */ = {isa = PBXBuildFile; fileRef = AC7BB4FB1C9647604EB92C67 /* Pods_Easy_Example_Beta.framework */; };
		58645E73E678546816C56EAD /* Pods_Easy_Tests.framework in Frameworks */ = {isa = PBXBuildFile; fileRef = 079F5C0B9251E085EA5973F1 /* Pods_Easy_Tests.framework */; };
		607FACD61AFB9204008FA782 /* AppDelegate.swift in Sources */ = {isa = PBXBuildFile; fileRef = 607FACD51AFB9204008FA782 /* AppDelegate.swift */; };
		607FACDD1AFB9204008FA782 /* Images.xcassets in Resources */ = {isa = PBXBuildFile; fileRef = 607FACDC1AFB9204008FA782 /* Images.xcassets */; };
		607FACEC1AFB9204008FA782 /* Tests.swift in Sources */ = {isa = PBXBuildFile; fileRef = 607FACEB1AFB9204008FA782 /* Tests.swift */; };
		773625A1EA8AEF98397862C0 /* Pods_Easy_Example.framework in Frameworks */ = {isa = PBXBuildFile; fileRef = 9493ABE016F261CD4CB12D2B /* Pods_Easy_Example.framework */; };
		FE2DEB8C21ABF53000289D8E /* ImageLabelCollectionViewCell.swift in Sources */ = {isa = PBXBuildFile; fileRef = FE2DEB8B21ABF53000289D8E /* ImageLabelCollectionViewCell.swift */; };
		FE2DEB8D21ABF53000289D8E /* ImageLabelCollectionViewCell.swift in Sources */ = {isa = PBXBuildFile; fileRef = FE2DEB8B21ABF53000289D8E /* ImageLabelCollectionViewCell.swift */; };
		FE388A3A2173012A0050904B /* LaunchScreen.storyboard in Resources */ = {isa = PBXBuildFile; fileRef = FE388A382173012A0050904B /* LaunchScreen.storyboard */; };
		FE388A3B2173012A0050904B /* LaunchScreen.storyboard in Resources */ = {isa = PBXBuildFile; fileRef = FE388A382173012A0050904B /* LaunchScreen.storyboard */; };
		FE388A47217318980050904B /* Config.swift in Sources */ = {isa = PBXBuildFile; fileRef = FE388A46217318980050904B /* Config.swift */; };
		FE388A48217318980050904B /* Config.swift in Sources */ = {isa = PBXBuildFile; fileRef = FE388A46217318980050904B /* Config.swift */; };
		FE388A4F2173223C0050904B /* ScanViewController.swift in Sources */ = {isa = PBXBuildFile; fileRef = FE388A4E2173223C0050904B /* ScanViewController.swift */; };
		FE388A502173223C0050904B /* ScanViewController.swift in Sources */ = {isa = PBXBuildFile; fileRef = FE388A4E2173223C0050904B /* ScanViewController.swift */; };
		FE391C5F216A249300D59D29 /* Main.swift in Sources */ = {isa = PBXBuildFile; fileRef = FE391C5E216A249300D59D29 /* Main.swift */; };
		FE5C797921B4CA6F0052FD2D /* WaterFlowLayoutViewController.swift in Sources */ = {isa = PBXBuildFile; fileRef = FE5C797821B4CA6F0052FD2D /* WaterFlowLayoutViewController.swift */; };
		FE5C797A21B4CA6F0052FD2D /* WaterFlowLayoutViewController.swift in Sources */ = {isa = PBXBuildFile; fileRef = FE5C797821B4CA6F0052FD2D /* WaterFlowLayoutViewController.swift */; };
		FE6652D92170A58A007E7051 /* Main.swift in Sources */ = {isa = PBXBuildFile; fileRef = FE391C5E216A249300D59D29 /* Main.swift */; };
		FE6652DA2170A58A007E7051 /* AppDelegate.swift in Sources */ = {isa = PBXBuildFile; fileRef = 607FACD51AFB9204008FA782 /* AppDelegate.swift */; };
		FE6652DF2170A58A007E7051 /* Images.xcassets in Resources */ = {isa = PBXBuildFile; fileRef = 607FACDC1AFB9204008FA782 /* Images.xcassets */; };
		FE7E887021E79BC7008A85EA /* PageViewController.swift in Sources */ = {isa = PBXBuildFile; fileRef = FE7E886F21E79BC7008A85EA /* PageViewController.swift */; };
		FE7E887121E79BC7008A85EA /* PageViewController.swift in Sources */ = {isa = PBXBuildFile; fileRef = FE7E886F21E79BC7008A85EA /* PageViewController.swift */; };
		FEBBE4EA219123C700654926 /* InputViewController.swift in Sources */ = {isa = PBXBuildFile; fileRef = FEBBE4E9219123C700654926 /* InputViewController.swift */; };
		FEBBE4EB219123C700654926 /* InputViewController.swift in Sources */ = {isa = PBXBuildFile; fileRef = FEBBE4E9219123C700654926 /* InputViewController.swift */; };
		FEBBE4F221916FCD00654926 /* MarqueeViewController.swift in Sources */ = {isa = PBXBuildFile; fileRef = FEBBE4F121916FCD00654926 /* MarqueeViewController.swift */; };
		FEBBE4F321916FCD00654926 /* MarqueeViewController.swift in Sources */ = {isa = PBXBuildFile; fileRef = FEBBE4F121916FCD00654926 /* MarqueeViewController.swift */; };
		FEBEE27D21A57013001C5E6D /* PhotoBrowserViewController.swift in Sources */ = {isa = PBXBuildFile; fileRef = FEBEE27C21A57013001C5E6D /* PhotoBrowserViewController.swift */; };
		FEBEE27E21A57013001C5E6D /* PhotoBrowserViewController.swift in Sources */ = {isa = PBXBuildFile; fileRef = FEBEE27C21A57013001C5E6D /* PhotoBrowserViewController.swift */; };
		FEC882DF2176C65D009BDC1C /* SocialViewController.swift in Sources */ = {isa = PBXBuildFile; fileRef = FEC882DE2176C65D009BDC1C /* SocialViewController.swift */; };
		FEC882E02176C65D009BDC1C /* SocialViewController.swift in Sources */ = {isa = PBXBuildFile; fileRef = FEC882DE2176C65D009BDC1C /* SocialViewController.swift */; };
		FECA315821942FF900C29B37 /* FontViewController.swift in Sources */ = {isa = PBXBuildFile; fileRef = FECA315721942FF900C29B37 /* FontViewController.swift */; };
		FECA315921942FF900C29B37 /* FontViewController.swift in Sources */ = {isa = PBXBuildFile; fileRef = FECA315721942FF900C29B37 /* FontViewController.swift */; };
		FEDAE4A321A953C30037F6AB /* CycleViewController.swift in Sources */ = {isa = PBXBuildFile; fileRef = FEDAE4A221A953C30037F6AB /* CycleViewController.swift */; };
		FEDAE4A421A953C30037F6AB /* CycleViewController.swift in Sources */ = {isa = PBXBuildFile; fileRef = FEDAE4A221A953C30037F6AB /* CycleViewController.swift */; };
		FEE5221921AF7BA900872EAD /* TagListViewController.swift in Sources */ = {isa = PBXBuildFile; fileRef = FEE5221821AF7BA900872EAD /* TagListViewController.swift */; };
		FEE5221A21AF7BA900872EAD /* TagListViewController.swift in Sources */ = {isa = PBXBuildFile; fileRef = FEE5221821AF7BA900872EAD /* TagListViewController.swift */; };
		FEF494CA2175879F00555C3F /* Tuchong.swift in Sources */ = {isa = PBXBuildFile; fileRef = FEF494C92175879F00555C3F /* Tuchong.swift */; };
		FEF494CB2175879F00555C3F /* Tuchong.swift in Sources */ = {isa = PBXBuildFile; fileRef = FEF494C92175879F00555C3F /* Tuchong.swift */; };
		FEF494D32175B8F700555C3F /* TuchongViewController.swift in Sources */ = {isa = PBXBuildFile; fileRef = FEF494D22175B8F700555C3F /* TuchongViewController.swift */; };
		FEF494D42175B8F700555C3F /* TuchongViewController.swift in Sources */ = {isa = PBXBuildFile; fileRef = FEF494D22175B8F700555C3F /* TuchongViewController.swift */; };
/* End PBXBuildFile section */

/* Begin PBXContainerItemProxy section */
		607FACE61AFB9204008FA782 /* PBXContainerItemProxy */ = {
			isa = PBXContainerItemProxy;
			containerPortal = 607FACC81AFB9204008FA782 /* Project object */;
			proxyType = 1;
			remoteGlobalIDString = 607FACCF1AFB9204008FA782;
			remoteInfo = Easy;
		};
/* End PBXContainerItemProxy section */

/* Begin PBXFileReference section */
		079F5C0B9251E085EA5973F1 /* Pods_Easy_Tests.framework */ = {isa = PBXFileReference; explicitFileType = wrapper.framework; includeInIndex = 0; path = Pods_Easy_Tests.framework; sourceTree = BUILT_PRODUCTS_DIR; };
		1F5A6AD035B1129225ADC28F /* Pods-Easy_Example_Beta.debug.xcconfig */ = {isa = PBXFileReference; includeInIndex = 1; lastKnownFileType = text.xcconfig; name = "Pods-Easy_Example_Beta.debug.xcconfig"; path = "Pods/Target Support Files/Pods-Easy_Example_Beta/Pods-Easy_Example_Beta.debug.xcconfig"; sourceTree = "<group>"; };
		3F89AA360160C1BD6F86E63D /* Pods-Easy_Tests.debug.xcconfig */ = {isa = PBXFileReference; includeInIndex = 1; lastKnownFileType = text.xcconfig; name = "Pods-Easy_Tests.debug.xcconfig"; path = "Pods/Target Support Files/Pods-Easy_Tests/Pods-Easy_Tests.debug.xcconfig"; sourceTree = "<group>"; };
		428FC6F9F08BD89FCCE843E4 /* Pods-Easy_Example.release.xcconfig */ = {isa = PBXFileReference; includeInIndex = 1; lastKnownFileType = text.xcconfig; name = "Pods-Easy_Example.release.xcconfig"; path = "Pods/Target Support Files/Pods-Easy_Example/Pods-Easy_Example.release.xcconfig"; sourceTree = "<group>"; };
		5342BFA9F39C7C5BC1674843 /* Pods-Easy_Example.debug.xcconfig */ = {isa = PBXFileReference; includeInIndex = 1; lastKnownFileType = text.xcconfig; name = "Pods-Easy_Example.debug.xcconfig"; path = "Pods/Target Support Files/Pods-Easy_Example/Pods-Easy_Example.debug.xcconfig"; sourceTree = "<group>"; };
		607FACD01AFB9204008FA782 /* Easy_Example.app */ = {isa = PBXFileReference; explicitFileType = wrapper.application; includeInIndex = 0; path = Easy_Example.app; sourceTree = BUILT_PRODUCTS_DIR; };
		607FACD41AFB9204008FA782 /* Info.plist */ = {isa = PBXFileReference; lastKnownFileType = text.plist.xml; path = Info.plist; sourceTree = "<group>"; };
		607FACD51AFB9204008FA782 /* AppDelegate.swift */ = {isa = PBXFileReference; lastKnownFileType = sourcecode.swift; path = AppDelegate.swift; sourceTree = "<group>"; };
		607FACDC1AFB9204008FA782 /* Images.xcassets */ = {isa = PBXFileReference; lastKnownFileType = folder.assetcatalog; path = Images.xcassets; sourceTree = "<group>"; };
		607FACE51AFB9204008FA782 /* Easy_Tests.xctest */ = {isa = PBXFileReference; explicitFileType = wrapper.cfbundle; includeInIndex = 0; path = Easy_Tests.xctest; sourceTree = BUILT_PRODUCTS_DIR; };
		607FACEA1AFB9204008FA782 /* Info.plist */ = {isa = PBXFileReference; lastKnownFileType = text.plist.xml; path = Info.plist; sourceTree = "<group>"; };
		607FACEB1AFB9204008FA782 /* Tests.swift */ = {isa = PBXFileReference; lastKnownFileType = sourcecode.swift; path = Tests.swift; sourceTree = "<group>"; };
		8C3BB9F18B4802785753AE69 /* Pods-Easy_Tests.release.xcconfig */ = {isa = PBXFileReference; includeInIndex = 1; lastKnownFileType = text.xcconfig; name = "Pods-Easy_Tests.release.xcconfig"; path = "Pods/Target Support Files/Pods-Easy_Tests/Pods-Easy_Tests.release.xcconfig"; sourceTree = "<group>"; };
		9493ABE016F261CD4CB12D2B /* Pods_Easy_Example.framework */ = {isa = PBXFileReference; explicitFileType = wrapper.framework; includeInIndex = 0; path = Pods_Easy_Example.framework; sourceTree = BUILT_PRODUCTS_DIR; };
		AC7BB4FB1C9647604EB92C67 /* Pods_Easy_Example_Beta.framework */ = {isa = PBXFileReference; explicitFileType = wrapper.framework; includeInIndex = 0; path = Pods_Easy_Example_Beta.framework; sourceTree = BUILT_PRODUCTS_DIR; };
		CF5DB5E997977BA6E28C9895 /* Easy.podspec */ = {isa = PBXFileReference; includeInIndex = 1; lastKnownFileType = text; name = Easy.podspec; path = ../Easy.podspec; sourceTree = "<group>"; xcLanguageSpecificationIdentifier = xcode.lang.ruby; };
		E1F387270138F312A9D0F9EC /* README.md */ = {isa = PBXFileReference; includeInIndex = 1; lastKnownFileType = net.daringfireball.markdown; name = README.md; path = ../README.md; sourceTree = "<group>"; };
		EE9CBAB7DD0DEE72E9CCE97D /* Pods-Easy_Example_Beta.release.xcconfig */ = {isa = PBXFileReference; includeInIndex = 1; lastKnownFileType = text.xcconfig; name = "Pods-Easy_Example_Beta.release.xcconfig"; path = "Pods/Target Support Files/Pods-Easy_Example_Beta/Pods-Easy_Example_Beta.release.xcconfig"; sourceTree = "<group>"; };
		EF2E3C4D7FECE072ABB66C19 /* LICENSE */ = {isa = PBXFileReference; includeInIndex = 1; lastKnownFileType = text; name = LICENSE; path = ../LICENSE; sourceTree = "<group>"; };
		FE2DEB8B21ABF53000289D8E /* ImageLabelCollectionViewCell.swift */ = {isa = PBXFileReference; fileEncoding = 4; lastKnownFileType = sourcecode.swift; path = ImageLabelCollectionViewCell.swift; sourceTree = "<group>"; };
		FE388A392173012A0050904B /* Base */ = {isa = PBXFileReference; lastKnownFileType = file.storyboard; name = Base; path = Base.lproj/LaunchScreen.storyboard; sourceTree = "<group>"; };
		FE388A46217318980050904B /* Config.swift */ = {isa = PBXFileReference; lastKnownFileType = sourcecode.swift; path = Config.swift; sourceTree = "<group>"; };
		FE388A4E2173223C0050904B /* ScanViewController.swift */ = {isa = PBXFileReference; lastKnownFileType = sourcecode.swift; path = ScanViewController.swift; sourceTree = "<group>"; };
		FE391C5E216A249300D59D29 /* Main.swift */ = {isa = PBXFileReference; lastKnownFileType = sourcecode.swift; path = Main.swift; sourceTree = "<group>"; };
		FE5C797821B4CA6F0052FD2D /* WaterFlowLayoutViewController.swift */ = {isa = PBXFileReference; lastKnownFileType = sourcecode.swift; path = WaterFlowLayoutViewController.swift; sourceTree = "<group>"; };
		FE6652E42170A58A007E7051 /* Easy_Example_Beta.app */ = {isa = PBXFileReference; explicitFileType = wrapper.application; includeInIndex = 0; path = Easy_Example_Beta.app; sourceTree = BUILT_PRODUCTS_DIR; };
		FE7E886F21E79BC7008A85EA /* PageViewController.swift */ = {isa = PBXFileReference; fileEncoding = 4; lastKnownFileType = sourcecode.swift; path = PageViewController.swift; sourceTree = "<group>"; };
		FEBBE4E9219123C700654926 /* InputViewController.swift */ = {isa = PBXFileReference; lastKnownFileType = sourcecode.swift; path = InputViewController.swift; sourceTree = "<group>"; };
		FEBBE4F121916FCD00654926 /* MarqueeViewController.swift */ = {isa = PBXFileReference; lastKnownFileType = sourcecode.swift; path = MarqueeViewController.swift; sourceTree = "<group>"; };
		FEBEE27C21A57013001C5E6D /* PhotoBrowserViewController.swift */ = {isa = PBXFileReference; lastKnownFileType = sourcecode.swift; path = PhotoBrowserViewController.swift; sourceTree = "<group>"; };
		FEC882DE2176C65D009BDC1C /* SocialViewController.swift */ = {isa = PBXFileReference; lastKnownFileType = sourcecode.swift; path = SocialViewController.swift; sourceTree = "<group>"; };
		FECA315721942FF900C29B37 /* FontViewController.swift */ = {isa = PBXFileReference; lastKnownFileType = sourcecode.swift; path = FontViewController.swift; sourceTree = "<group>"; };
		FEDAE4A221A953C30037F6AB /* CycleViewController.swift */ = {isa = PBXFileReference; lastKnownFileType = sourcecode.swift; path = CycleViewController.swift; sourceTree = "<group>"; };
		FEE5221821AF7BA900872EAD /* TagListViewController.swift */ = {isa = PBXFileReference; lastKnownFileType = sourcecode.swift; path = TagListViewController.swift; sourceTree = "<group>"; };
		FEF494C92175879F00555C3F /* Tuchong.swift */ = {isa = PBXFileReference; lastKnownFileType = sourcecode.swift; path = Tuchong.swift; sourceTree = "<group>"; };
		FEF494D22175B8F700555C3F /* TuchongViewController.swift */ = {isa = PBXFileReference; lastKnownFileType = sourcecode.swift; path = TuchongViewController.swift; sourceTree = "<group>"; };
/* End PBXFileReference section */

/* Begin PBXFrameworksBuildPhase section */
		607FACCD1AFB9204008FA782 /* Frameworks */ = {
			isa = PBXFrameworksBuildPhase;
			buildActionMask = 2147483647;
			files = (
				773625A1EA8AEF98397862C0 /* Pods_Easy_Example.framework in Frameworks */,
			);
			runOnlyForDeploymentPostprocessing = 0;
		};
		607FACE21AFB9204008FA782 /* Frameworks */ = {
			isa = PBXFrameworksBuildPhase;
			buildActionMask = 2147483647;
			files = (
				58645E73E678546816C56EAD /* Pods_Easy_Tests.framework in Frameworks */,
			);
			runOnlyForDeploymentPostprocessing = 0;
		};
		FE6652DB2170A58A007E7051 /* Frameworks */ = {
			isa = PBXFrameworksBuildPhase;
			buildActionMask = 2147483647;
			files = (
				1BF3454F22758578B34D6082 /* Pods_Easy_Example_Beta.framework in Frameworks */,
			);
			runOnlyForDeploymentPostprocessing = 0;
		};
/* End PBXFrameworksBuildPhase section */

/* Begin PBXGroup section */
		0058271656EFB7D2E4F3909F /* Frameworks */ = {
			isa = PBXGroup;
			children = (
				9493ABE016F261CD4CB12D2B /* Pods_Easy_Example.framework */,
				079F5C0B9251E085EA5973F1 /* Pods_Easy_Tests.framework */,
				AC7BB4FB1C9647604EB92C67 /* Pods_Easy_Example_Beta.framework */,
			);
			name = Frameworks;
			sourceTree = "<group>";
		};
		607FACC71AFB9204008FA782 = {
			isa = PBXGroup;
			children = (
				607FACF51AFB993E008FA782 /* Podspec Metadata */,
				607FACD21AFB9204008FA782 /* Example for Easy */,
				607FACE81AFB9204008FA782 /* Tests */,
				607FACD11AFB9204008FA782 /* Products */,
				6E71115EED1396E2A080B96C /* Pods */,
				0058271656EFB7D2E4F3909F /* Frameworks */,
			);
			sourceTree = "<group>";
		};
		607FACD11AFB9204008FA782 /* Products */ = {
			isa = PBXGroup;
			children = (
				607FACD01AFB9204008FA782 /* Easy_Example.app */,
				607FACE51AFB9204008FA782 /* Easy_Tests.xctest */,
				FE6652E42170A58A007E7051 /* Easy_Example_Beta.app */,
			);
			name = Products;
			sourceTree = "<group>";
		};
		607FACD21AFB9204008FA782 /* Example for Easy */ = {
			isa = PBXGroup;
			children = (
				607FACD51AFB9204008FA782 /* AppDelegate.swift */,
				FE388A3F217317950050904B /* Classes */,
				607FACDC1AFB9204008FA782 /* Images.xcassets */,
				FE388A382173012A0050904B /* LaunchScreen.storyboard */,
				FE391C5E216A249300D59D29 /* Main.swift */,
				607FACD31AFB9204008FA782 /* Supporting Files */,
			);
			name = "Example for Easy";
			path = Easy;
			sourceTree = "<group>";
		};
		607FACD31AFB9204008FA782 /* Supporting Files */ = {
			isa = PBXGroup;
			children = (
				607FACD41AFB9204008FA782 /* Info.plist */,
			);
			name = "Supporting Files";
			sourceTree = "<group>";
		};
		607FACE81AFB9204008FA782 /* Tests */ = {
			isa = PBXGroup;
			children = (
				607FACEB1AFB9204008FA782 /* Tests.swift */,
				607FACE91AFB9204008FA782 /* Supporting Files */,
			);
			path = Tests;
			sourceTree = "<group>";
		};
		607FACE91AFB9204008FA782 /* Supporting Files */ = {
			isa = PBXGroup;
			children = (
				607FACEA1AFB9204008FA782 /* Info.plist */,
			);
			name = "Supporting Files";
			sourceTree = "<group>";
		};
		607FACF51AFB993E008FA782 /* Podspec Metadata */ = {
			isa = PBXGroup;
			children = (
				CF5DB5E997977BA6E28C9895 /* Easy.podspec */,
				E1F387270138F312A9D0F9EC /* README.md */,
				EF2E3C4D7FECE072ABB66C19 /* LICENSE */,
			);
			name = "Podspec Metadata";
			sourceTree = "<group>";
		};
		6E71115EED1396E2A080B96C /* Pods */ = {
			isa = PBXGroup;
			children = (
				5342BFA9F39C7C5BC1674843 /* Pods-Easy_Example.debug.xcconfig */,
				428FC6F9F08BD89FCCE843E4 /* Pods-Easy_Example.release.xcconfig */,
				3F89AA360160C1BD6F86E63D /* Pods-Easy_Tests.debug.xcconfig */,
				8C3BB9F18B4802785753AE69 /* Pods-Easy_Tests.release.xcconfig */,
				1F5A6AD035B1129225ADC28F /* Pods-Easy_Example_Beta.debug.xcconfig */,
				EE9CBAB7DD0DEE72E9CCE97D /* Pods-Easy_Example_Beta.release.xcconfig */,
			);
			name = Pods;
			sourceTree = "<group>";
		};
		FE2DEB8A21ABF53000289D8E /* Cell */ = {
			isa = PBXGroup;
			children = (
				FE2DEB8B21ABF53000289D8E /* ImageLabelCollectionViewCell.swift */,
			);
			path = Cell;
			sourceTree = "<group>";
		};
		FE388A3F217317950050904B /* Classes */ = {
			isa = PBXGroup;
			children = (
				FE388A41217317950050904B /* Global */,
				FE388A40217317950050904B /* Modules */,
			);
			path = Classes;
			sourceTree = "<group>";
		};
		FE388A40217317950050904B /* Modules */ = {
			isa = PBXGroup;
			children = (
				FEDAE4A121A953B40037F6AB /* CycleView */,
				FECA315621942FE500C29B37 /* Font */,
				FEBBE4E8219123BB00654926 /* Input */,
				FEBBE4F021916FC100654926 /* Marquee */,
				FE7E886E21E79BC7008A85EA /* PageController */,
				FEBEE27B21A56F0C001C5E6D /* PhotoBrowser */,
				FE388A4D217322230050904B /* Scan */,
				FEC882DD2176C645009BDC1C /* Social */,
				FEE5221721AF7B9500872EAD /* TagListView */,
				FEF494C82175875E00555C3F /* Tuchong */,
				FE5C797721B4CA590052FD2D /* WaterFlowLayout */,
			);
			path = Modules;
			sourceTree = "<group>";
		};
		FE388A41217317950050904B /* Global */ = {
			isa = PBXGroup;
			children = (
				FE388A46217318980050904B /* Config.swift */,
				FE2DEB8A21ABF53000289D8E /* Cell */,
			);
			path = Global;
			sourceTree = "<group>";
		};
		FE388A4D217322230050904B /* Scan */ = {
			isa = PBXGroup;
			children = (
				FE388A4E2173223C0050904B /* ScanViewController.swift */,
			);
			path = Scan;
			sourceTree = "<group>";
		};
		FE5C797721B4CA590052FD2D /* WaterFlowLayout */ = {
			isa = PBXGroup;
			children = (
				FE5C797821B4CA6F0052FD2D /* WaterFlowLayoutViewController.swift */,
			);
			path = WaterFlowLayout;
			sourceTree = "<group>";
		};
		FE7E886E21E79BC7008A85EA /* PageController */ = {
			isa = PBXGroup;
			children = (
				FE7E886F21E79BC7008A85EA /* PageViewController.swift */,
			);
			path = PageController;
			sourceTree = "<group>";
		};
		FEBBE4E8219123BB00654926 /* Input */ = {
			isa = PBXGroup;
			children = (
				FEBBE4E9219123C700654926 /* InputViewController.swift */,
			);
			path = Input;
			sourceTree = "<group>";
		};
		FEBBE4F021916FC100654926 /* Marquee */ = {
			isa = PBXGroup;
			children = (
				FEBBE4F121916FCD00654926 /* MarqueeViewController.swift */,
			);
			path = Marquee;
			sourceTree = "<group>";
		};
		FEBEE27B21A56F0C001C5E6D /* PhotoBrowser */ = {
			isa = PBXGroup;
			children = (
				FEBEE27C21A57013001C5E6D /* PhotoBrowserViewController.swift */,
			);
			path = PhotoBrowser;
			sourceTree = "<group>";
		};
		FEC882DD2176C645009BDC1C /* Social */ = {
			isa = PBXGroup;
			children = (
				FEC882DE2176C65D009BDC1C /* SocialViewController.swift */,
			);
			path = Social;
			sourceTree = "<group>";
		};
		FECA315621942FE500C29B37 /* Font */ = {
			isa = PBXGroup;
			children = (
				FECA315721942FF900C29B37 /* FontViewController.swift */,
			);
			path = Font;
			sourceTree = "<group>";
		};
		FEDAE4A121A953B40037F6AB /* CycleView */ = {
			isa = PBXGroup;
			children = (
				FEDAE4A221A953C30037F6AB /* CycleViewController.swift */,
			);
			path = CycleView;
			sourceTree = "<group>";
		};
		FEE5221721AF7B9500872EAD /* TagListView */ = {
			isa = PBXGroup;
			children = (
				FEE5221821AF7BA900872EAD /* TagListViewController.swift */,
			);
			path = TagListView;
			sourceTree = "<group>";
		};
		FEF494C82175875E00555C3F /* Tuchong */ = {
			isa = PBXGroup;
			children = (
				FEF494C92175879F00555C3F /* Tuchong.swift */,
				FEF494D22175B8F700555C3F /* TuchongViewController.swift */,
			);
			path = Tuchong;
			sourceTree = "<group>";
		};
/* End PBXGroup section */

/* Begin PBXNativeTarget section */
		607FACCF1AFB9204008FA782 /* Easy_Example */ = {
			isa = PBXNativeTarget;
			buildConfigurationList = 607FACEF1AFB9204008FA782 /* Build configuration list for PBXNativeTarget "Easy_Example" */;
			buildPhases = (
				2B1B2F81A1B5E19B2C20C0C0 /* [CP] Check Pods Manifest.lock */,
				607FACCC1AFB9204008FA782 /* Sources */,
				607FACCD1AFB9204008FA782 /* Frameworks */,
				607FACCE1AFB9204008FA782 /* Resources */,
				87421F0A16DB983A8A5FEB66 /* [CP] Embed Pods Frameworks */,
			);
			buildRules = (
			);
			dependencies = (
			);
			name = Easy_Example;
			productName = Easy;
			productReference = 607FACD01AFB9204008FA782 /* Easy_Example.app */;
			productType = "com.apple.product-type.application";
		};
		607FACE41AFB9204008FA782 /* Easy_Tests */ = {
			isa = PBXNativeTarget;
			buildConfigurationList = 607FACF21AFB9204008FA782 /* Build configuration list for PBXNativeTarget "Easy_Tests" */;
			buildPhases = (
				37E50204E0F851AA9180F8F9 /* [CP] Check Pods Manifest.lock */,
				607FACE11AFB9204008FA782 /* Sources */,
				607FACE21AFB9204008FA782 /* Frameworks */,
				607FACE31AFB9204008FA782 /* Resources */,
			);
			buildRules = (
			);
			dependencies = (
				607FACE71AFB9204008FA782 /* PBXTargetDependency */,
			);
			name = Easy_Tests;
			productName = Tests;
			productReference = 607FACE51AFB9204008FA782 /* Easy_Tests.xctest */;
			productType = "com.apple.product-type.bundle.unit-test";
		};
		FE6652D62170A58A007E7051 /* Easy_Example_Beta */ = {
			isa = PBXNativeTarget;
			buildConfigurationList = FE6652E12170A58A007E7051 /* Build configuration list for PBXNativeTarget "Easy_Example_Beta" */;
			buildPhases = (
				FE6652D72170A58A007E7051 /* [CP] Check Pods Manifest.lock */,
				FE6652D82170A58A007E7051 /* Sources */,
				FE6652DB2170A58A007E7051 /* Frameworks */,
				FE683ABC2192FF850065AD59 /* Auto Increase build number */,
				FE6652DD2170A58A007E7051 /* Resources */,
				FE6652E02170A58A007E7051 /* [CP] Embed Pods Frameworks */,
			);
			buildRules = (
			);
			dependencies = (
			);
			name = Easy_Example_Beta;
			productName = Easy;
			productReference = FE6652E42170A58A007E7051 /* Easy_Example_Beta.app */;
			productType = "com.apple.product-type.application";
		};
/* End PBXNativeTarget section */

/* Begin PBXProject section */
		607FACC81AFB9204008FA782 /* Project object */ = {
			isa = PBXProject;
			attributes = {
				LastSwiftUpdateCheck = 0830;
				LastUpgradeCheck = 1020;
				ORGANIZATIONNAME = CocoaPods;
				TargetAttributes = {
					607FACCF1AFB9204008FA782 = {
						CreatedOnToolsVersion = 6.3.1;
						DevelopmentTeam = 6L62AGF62D;
						LastSwiftMigration = 1020;
					};
					607FACE41AFB9204008FA782 = {
						CreatedOnToolsVersion = 6.3.1;
						LastSwiftMigration = 1020;
						TestTargetID = 607FACCF1AFB9204008FA782;
					};
					FE6652D62170A58A007E7051 = {
						DevelopmentTeam = 6L62AGF62D;
						LastSwiftMigration = 1020;
						ProvisioningStyle = Automatic;
					};
				};
			};
			buildConfigurationList = 607FACCB1AFB9204008FA782 /* Build configuration list for PBXProject "Easy" */;
			compatibilityVersion = "Xcode 3.2";
			developmentRegion = English;
			hasScannedForEncodings = 0;
			knownRegions = (
				English,
				en,
				Base,
			);
			mainGroup = 607FACC71AFB9204008FA782;
			productRefGroup = 607FACD11AFB9204008FA782 /* Products */;
			projectDirPath = "";
			projectRoot = "";
			targets = (
				607FACCF1AFB9204008FA782 /* Easy_Example */,
				FE6652D62170A58A007E7051 /* Easy_Example_Beta */,
				607FACE41AFB9204008FA782 /* Easy_Tests */,
			);
		};
/* End PBXProject section */

/* Begin PBXResourcesBuildPhase section */
		607FACCE1AFB9204008FA782 /* Resources */ = {
			isa = PBXResourcesBuildPhase;
			buildActionMask = 2147483647;
			files = (
				FE388A3A2173012A0050904B /* LaunchScreen.storyboard in Resources */,
				607FACDD1AFB9204008FA782 /* Images.xcassets in Resources */,
			);
			runOnlyForDeploymentPostprocessing = 0;
		};
		607FACE31AFB9204008FA782 /* Resources */ = {
			isa = PBXResourcesBuildPhase;
			buildActionMask = 2147483647;
			files = (
			);
			runOnlyForDeploymentPostprocessing = 0;
		};
		FE6652DD2170A58A007E7051 /* Resources */ = {
			isa = PBXResourcesBuildPhase;
			buildActionMask = 2147483647;
			files = (
				FE388A3B2173012A0050904B /* LaunchScreen.storyboard in Resources */,
				FE6652DF2170A58A007E7051 /* Images.xcassets in Resources */,
			);
			runOnlyForDeploymentPostprocessing = 0;
		};
/* End PBXResourcesBuildPhase section */

/* Begin PBXShellScriptBuildPhase section */
		2B1B2F81A1B5E19B2C20C0C0 /* [CP] Check Pods Manifest.lock */ = {
			isa = PBXShellScriptBuildPhase;
			buildActionMask = 2147483647;
			files = (
			);
			inputPaths = (
				"${PODS_PODFILE_DIR_PATH}/Podfile.lock",
				"${PODS_ROOT}/Manifest.lock",
			);
			name = "[CP] Check Pods Manifest.lock";
			outputPaths = (
				"$(DERIVED_FILE_DIR)/Pods-Easy_Example-checkManifestLockResult.txt",
			);
			runOnlyForDeploymentPostprocessing = 0;
			shellPath = /bin/sh;
			shellScript = "diff \"${PODS_PODFILE_DIR_PATH}/Podfile.lock\" \"${PODS_ROOT}/Manifest.lock\" > /dev/null\nif [ $? != 0 ] ; then\n    # print error to STDERR\n    echo \"error: The sandbox is not in sync with the Podfile.lock. Run 'pod install' or update your CocoaPods installation.\" >&2\n    exit 1\nfi\n# This output is used by Xcode 'outputs' to avoid re-running this script phase.\necho \"SUCCESS\" > \"${SCRIPT_OUTPUT_FILE_0}\"\n";
			showEnvVarsInLog = 0;
		};
		37E50204E0F851AA9180F8F9 /* [CP] Check Pods Manifest.lock */ = {
			isa = PBXShellScriptBuildPhase;
			buildActionMask = 2147483647;
			files = (
			);
			inputPaths = (
				"${PODS_PODFILE_DIR_PATH}/Podfile.lock",
				"${PODS_ROOT}/Manifest.lock",
			);
			name = "[CP] Check Pods Manifest.lock";
			outputPaths = (
				"$(DERIVED_FILE_DIR)/Pods-Easy_Tests-checkManifestLockResult.txt",
			);
			runOnlyForDeploymentPostprocessing = 0;
			shellPath = /bin/sh;
			shellScript = "diff \"${PODS_PODFILE_DIR_PATH}/Podfile.lock\" \"${PODS_ROOT}/Manifest.lock\" > /dev/null\nif [ $? != 0 ] ; then\n    # print error to STDERR\n    echo \"error: The sandbox is not in sync with the Podfile.lock. Run 'pod install' or update your CocoaPods installation.\" >&2\n    exit 1\nfi\n# This output is used by Xcode 'outputs' to avoid re-running this script phase.\necho \"SUCCESS\" > \"${SCRIPT_OUTPUT_FILE_0}\"\n";
			showEnvVarsInLog = 0;
		};
		87421F0A16DB983A8A5FEB66 /* [CP] Embed Pods Frameworks */ = {
			isa = PBXShellScriptBuildPhase;
			buildActionMask = 2147483647;
			files = (
			);
			inputPaths = (
				"${PODS_ROOT}/Target Support Files/Pods-Easy_Example/Pods-Easy_Example-frameworks.sh",
				"${BUILT_PRODUCTS_DIR}/Alamofire/Alamofire.framework",
				"${BUILT_PRODUCTS_DIR}/Easy.common/Easy.framework",
				"${BUILT_PRODUCTS_DIR}/MBProgressHUD/MBProgressHUD.framework",
				"${BUILT_PRODUCTS_DIR}/MJRefresh/MJRefresh.framework",
				"${BUILT_PRODUCTS_DIR}/MonkeyKing/MonkeyKing.framework",
				"${BUILT_PRODUCTS_DIR}/RTRootNavigationController/RTRootNavigationController.framework",
				"${BUILT_PRODUCTS_DIR}/SDWebImage/SDWebImage.framework",
				"${BUILT_PRODUCTS_DIR}/SnapKit/SnapKit.framework",
				"${BUILT_PRODUCTS_DIR}/SwiftyRSA/SwiftyRSA.framework",
				"${BUILT_PRODUCTS_DIR}/WMPageController/WMPageController.framework",
				"${BUILT_PRODUCTS_DIR}/ZLPhotoBrowser/ZLPhotoBrowser.framework",
			);
			name = "[CP] Embed Pods Frameworks";
			outputPaths = (
				"${TARGET_BUILD_DIR}/${FRAMEWORKS_FOLDER_PATH}/Alamofire.framework",
				"${TARGET_BUILD_DIR}/${FRAMEWORKS_FOLDER_PATH}/Easy.framework",
				"${TARGET_BUILD_DIR}/${FRAMEWORKS_FOLDER_PATH}/MBProgressHUD.framework",
				"${TARGET_BUILD_DIR}/${FRAMEWORKS_FOLDER_PATH}/MJRefresh.framework",
				"${TARGET_BUILD_DIR}/${FRAMEWORKS_FOLDER_PATH}/MonkeyKing.framework",
				"${TARGET_BUILD_DIR}/${FRAMEWORKS_FOLDER_PATH}/RTRootNavigationController.framework",
				"${TARGET_BUILD_DIR}/${FRAMEWORKS_FOLDER_PATH}/SDWebImage.framework",
				"${TARGET_BUILD_DIR}/${FRAMEWORKS_FOLDER_PATH}/SnapKit.framework",
				"${TARGET_BUILD_DIR}/${FRAMEWORKS_FOLDER_PATH}/SwiftyRSA.framework",
				"${TARGET_BUILD_DIR}/${FRAMEWORKS_FOLDER_PATH}/WMPageController.framework",
				"${TARGET_BUILD_DIR}/${FRAMEWORKS_FOLDER_PATH}/ZLPhotoBrowser.framework",
			);
			runOnlyForDeploymentPostprocessing = 0;
			shellPath = /bin/sh;
			shellScript = "\"${PODS_ROOT}/Target Support Files/Pods-Easy_Example/Pods-Easy_Example-frameworks.sh\"\n";
			showEnvVarsInLog = 0;
		};
		FE6652D72170A58A007E7051 /* [CP] Check Pods Manifest.lock */ = {
			isa = PBXShellScriptBuildPhase;
			buildActionMask = 2147483647;
			files = (
			);
			inputPaths = (
				"${PODS_PODFILE_DIR_PATH}/Podfile.lock",
				"${PODS_ROOT}/Manifest.lock",
			);
			name = "[CP] Check Pods Manifest.lock";
			outputPaths = (
				"$(DERIVED_FILE_DIR)/Pods-Easy_Example_Beta-checkManifestLockResult.txt",
			);
			runOnlyForDeploymentPostprocessing = 0;
			shellPath = /bin/sh;
			shellScript = "diff \"${PODS_PODFILE_DIR_PATH}/Podfile.lock\" \"${PODS_ROOT}/Manifest.lock\" > /dev/null\nif [ $? != 0 ] ; then\n    # print error to STDERR\n    echo \"error: The sandbox is not in sync with the Podfile.lock. Run 'pod install' or update your CocoaPods installation.\" >&2\n    exit 1\nfi\n# This output is used by Xcode 'outputs' to avoid re-running this script phase.\necho \"SUCCESS\" > \"${SCRIPT_OUTPUT_FILE_0}\"\n";
			showEnvVarsInLog = 0;
		};
		FE6652E02170A58A007E7051 /* [CP] Embed Pods Frameworks */ = {
			isa = PBXShellScriptBuildPhase;
			buildActionMask = 2147483647;
			files = (
			);
			inputPaths = (
				"${PODS_ROOT}/Target Support Files/Pods-Easy_Example_Beta/Pods-Easy_Example_Beta-frameworks.sh",
				"${BUILT_PRODUCTS_DIR}/Alamofire/Alamofire.framework",
				"${BUILT_PRODUCTS_DIR}/Easy.common-Beta/Easy.framework",
				"${BUILT_PRODUCTS_DIR}/MBProgressHUD/MBProgressHUD.framework",
				"${BUILT_PRODUCTS_DIR}/MJRefresh/MJRefresh.framework",
				"${BUILT_PRODUCTS_DIR}/MonkeyKing/MonkeyKing.framework",
				"${BUILT_PRODUCTS_DIR}/RTRootNavigationController/RTRootNavigationController.framework",
				"${BUILT_PRODUCTS_DIR}/SDWebImage/SDWebImage.framework",
				"${BUILT_PRODUCTS_DIR}/SnapKit/SnapKit.framework",
				"${BUILT_PRODUCTS_DIR}/SwiftyRSA/SwiftyRSA.framework",
				"${BUILT_PRODUCTS_DIR}/WMPageController/WMPageController.framework",
				"${BUILT_PRODUCTS_DIR}/ZLPhotoBrowser/ZLPhotoBrowser.framework",
				"${BUILT_PRODUCTS_DIR}/FLEX/FLEX.framework",
				"${BUILT_PRODUCTS_DIR}/GDPerformanceView-Swift/GDPerformanceView_Swift.framework",
				"${BUILT_PRODUCTS_DIR}/OOMDetector/OOMDetector.framework",
				"${BUILT_PRODUCTS_DIR}/fishhook/fishhook.framework",
			);
			name = "[CP] Embed Pods Frameworks";
			outputPaths = (
				"${TARGET_BUILD_DIR}/${FRAMEWORKS_FOLDER_PATH}/Alamofire.framework",
				"${TARGET_BUILD_DIR}/${FRAMEWORKS_FOLDER_PATH}/Easy.framework",
				"${TARGET_BUILD_DIR}/${FRAMEWORKS_FOLDER_PATH}/MBProgressHUD.framework",
				"${TARGET_BUILD_DIR}/${FRAMEWORKS_FOLDER_PATH}/MJRefresh.framework",
				"${TARGET_BUILD_DIR}/${FRAMEWORKS_FOLDER_PATH}/MonkeyKing.framework",
				"${TARGET_BUILD_DIR}/${FRAMEWORKS_FOLDER_PATH}/RTRootNavigationController.framework",
				"${TARGET_BUILD_DIR}/${FRAMEWORKS_FOLDER_PATH}/SDWebImage.framework",
				"${TARGET_BUILD_DIR}/${FRAMEWORKS_FOLDER_PATH}/SnapKit.framework",
				"${TARGET_BUILD_DIR}/${FRAMEWORKS_FOLDER_PATH}/SwiftyRSA.framework",
				"${TARGET_BUILD_DIR}/${FRAMEWORKS_FOLDER_PATH}/WMPageController.framework",
				"${TARGET_BUILD_DIR}/${FRAMEWORKS_FOLDER_PATH}/ZLPhotoBrowser.framework",
				"${TARGET_BUILD_DIR}/${FRAMEWORKS_FOLDER_PATH}/FLEX.framework",
				"${TARGET_BUILD_DIR}/${FRAMEWORKS_FOLDER_PATH}/GDPerformanceView_Swift.framework",
				"${TARGET_BUILD_DIR}/${FRAMEWORKS_FOLDER_PATH}/OOMDetector.framework",
				"${TARGET_BUILD_DIR}/${FRAMEWORKS_FOLDER_PATH}/fishhook.framework",
			);
			runOnlyForDeploymentPostprocessing = 0;
			shellPath = /bin/sh;
			shellScript = "\"${PODS_ROOT}/Target Support Files/Pods-Easy_Example_Beta/Pods-Easy_Example_Beta-frameworks.sh\"\n";
			showEnvVarsInLog = 0;
		};
		FE683ABC2192FF850065AD59 /* Auto Increase build number */ = {
			isa = PBXShellScriptBuildPhase;
			buildActionMask = 8;
			files = (
			);
			inputFileListPaths = (
			);
			inputPaths = (
			);
			name = "Auto Increase build number";
			outputFileListPaths = (
			);
			outputPaths = (
			);
			runOnlyForDeploymentPostprocessing = 1;
			shellPath = /bin/sh;
			shellScript = "#!/bin/bash\n\n#Release Debug\nif [ \"Release\" = \"${CONFIGURATION}\" ]; then\n#跟随时间变化\nbuildNumber=$(date +%Y%m%d%H%M%S)\n/usr/libexec/PlistBuddy -c \"Set :CFBundleVersion $buildNumber\" \"$INFOPLIST_FILE\"\n\n#自动加1\n#buildNumber=$(/usr/libexec/PlistBuddy -c \"Print CFBundleVersion\" \"$INFOPLIST_FILE\")\n#buildNumber=$(($buildNumber + 1))\n#/usr/libexec/PlistBuddy -c \"Set :CFBundleVersion $buildNumber\" \"$INFOPLIST_FILE\"\nfi\n";
		};
/* End PBXShellScriptBuildPhase section */

/* Begin PBXSourcesBuildPhase section */
		607FACCC1AFB9204008FA782 /* Sources */ = {
			isa = PBXSourcesBuildPhase;
			buildActionMask = 2147483647;
			files = (
				FEBEE27D21A57013001C5E6D /* PhotoBrowserViewController.swift in Sources */,
				FEBBE4EA219123C700654926 /* InputViewController.swift in Sources */,
				FE391C5F216A249300D59D29 /* Main.swift in Sources */,
				FE388A47217318980050904B /* Config.swift in Sources */,
				FEC882DF2176C65D009BDC1C /* SocialViewController.swift in Sources */,
				FE5C797921B4CA6F0052FD2D /* WaterFlowLayoutViewController.swift in Sources */,
				FEBBE4F221916FCD00654926 /* MarqueeViewController.swift in Sources */,
				FE2DEB8C21ABF53000289D8E /* ImageLabelCollectionViewCell.swift in Sources */,
				607FACD61AFB9204008FA782 /* AppDelegate.swift in Sources */,
				FEDAE4A321A953C30037F6AB /* CycleViewController.swift in Sources */,
				FEF494D32175B8F700555C3F /* TuchongViewController.swift in Sources */,
				FEF494CA2175879F00555C3F /* Tuchong.swift in Sources */,
				FEE5221921AF7BA900872EAD /* TagListViewController.swift in Sources */,
				FECA315821942FF900C29B37 /* FontViewController.swift in Sources */,
				FE388A4F2173223C0050904B /* ScanViewController.swift in Sources */,
				FE7E887021E79BC7008A85EA /* PageViewController.swift in Sources */,
			);
			runOnlyForDeploymentPostprocessing = 0;
		};
		607FACE11AFB9204008FA782 /* Sources */ = {
			isa = PBXSourcesBuildPhase;
			buildActionMask = 2147483647;
			files = (
				607FACEC1AFB9204008FA782 /* Tests.swift in Sources */,
			);
			runOnlyForDeploymentPostprocessing = 0;
		};
		FE6652D82170A58A007E7051 /* Sources */ = {
			isa = PBXSourcesBuildPhase;
			buildActionMask = 2147483647;
			files = (
				FEBEE27E21A57013001C5E6D /* PhotoBrowserViewController.swift in Sources */,
				FEBBE4EB219123C700654926 /* InputViewController.swift in Sources */,
				FE6652D92170A58A007E7051 /* Main.swift in Sources */,
				FE388A48217318980050904B /* Config.swift in Sources */,
				FEC882E02176C65D009BDC1C /* SocialViewController.swift in Sources */,
				FE5C797A21B4CA6F0052FD2D /* WaterFlowLayoutViewController.swift in Sources */,
				FEBBE4F321916FCD00654926 /* MarqueeViewController.swift in Sources */,
				FE2DEB8D21ABF53000289D8E /* ImageLabelCollectionViewCell.swift in Sources */,
				FE6652DA2170A58A007E7051 /* AppDelegate.swift in Sources */,
				FEDAE4A421A953C30037F6AB /* CycleViewController.swift in Sources */,
				FEF494D42175B8F700555C3F /* TuchongViewController.swift in Sources */,
				FEF494CB2175879F00555C3F /* Tuchong.swift in Sources */,
				FEE5221A21AF7BA900872EAD /* TagListViewController.swift in Sources */,
				FECA315921942FF900C29B37 /* FontViewController.swift in Sources */,
				FE388A502173223C0050904B /* ScanViewController.swift in Sources */,
				FE7E887121E79BC7008A85EA /* PageViewController.swift in Sources */,
			);
			runOnlyForDeploymentPostprocessing = 0;
		};
/* End PBXSourcesBuildPhase section */

/* Begin PBXTargetDependency section */
		607FACE71AFB9204008FA782 /* PBXTargetDependency */ = {
			isa = PBXTargetDependency;
			target = 607FACCF1AFB9204008FA782 /* Easy_Example */;
			targetProxy = 607FACE61AFB9204008FA782 /* PBXContainerItemProxy */;
		};
/* End PBXTargetDependency section */

/* Begin PBXVariantGroup section */
		FE388A382173012A0050904B /* LaunchScreen.storyboard */ = {
			isa = PBXVariantGroup;
			children = (
				FE388A392173012A0050904B /* Base */,
			);
			name = LaunchScreen.storyboard;
			sourceTree = "<group>";
		};
/* End PBXVariantGroup section */

/* Begin XCBuildConfiguration section */
		607FACED1AFB9204008FA782 /* Debug */ = {
			isa = XCBuildConfiguration;
			buildSettings = {
				ALWAYS_SEARCH_USER_PATHS = NO;
				CLANG_ANALYZER_LOCALIZABILITY_NONLOCALIZED = YES;
				CLANG_CXX_LANGUAGE_STANDARD = "gnu++0x";
				CLANG_CXX_LIBRARY = "libc++";
				CLANG_ENABLE_MODULES = YES;
				CLANG_ENABLE_OBJC_ARC = YES;
				CLANG_WARN_BLOCK_CAPTURE_AUTORELEASING = YES;
				CLANG_WARN_BOOL_CONVERSION = YES;
				CLANG_WARN_COMMA = YES;
				CLANG_WARN_CONSTANT_CONVERSION = YES;
				CLANG_WARN_DEPRECATED_OBJC_IMPLEMENTATIONS = YES;
				CLANG_WARN_DIRECT_OBJC_ISA_USAGE = YES_ERROR;
				CLANG_WARN_EMPTY_BODY = YES;
				CLANG_WARN_ENUM_CONVERSION = YES;
				CLANG_WARN_INFINITE_RECURSION = YES;
				CLANG_WARN_INT_CONVERSION = YES;
				CLANG_WARN_NON_LITERAL_NULL_CONVERSION = YES;
				CLANG_WARN_OBJC_IMPLICIT_RETAIN_SELF = YES;
				CLANG_WARN_OBJC_LITERAL_CONVERSION = YES;
				CLANG_WARN_OBJC_ROOT_CLASS = YES_ERROR;
				CLANG_WARN_RANGE_LOOP_ANALYSIS = YES;
				CLANG_WARN_STRICT_PROTOTYPES = YES;
				CLANG_WARN_SUSPICIOUS_MOVE = YES;
				CLANG_WARN_UNREACHABLE_CODE = YES;
				CLANG_WARN__DUPLICATE_METHOD_MATCH = YES;
				"CODE_SIGN_IDENTITY[sdk=iphoneos*]" = "iPhone Developer";
				COPY_PHASE_STRIP = NO;
				DEBUG_INFORMATION_FORMAT = "dwarf-with-dsym";
				ENABLE_STRICT_OBJC_MSGSEND = YES;
				ENABLE_TESTABILITY = YES;
				GCC_C_LANGUAGE_STANDARD = gnu99;
				GCC_DYNAMIC_NO_PIC = NO;
				GCC_NO_COMMON_BLOCKS = YES;
				GCC_OPTIMIZATION_LEVEL = 0;
				GCC_PREPROCESSOR_DEFINITIONS = (
					"DEBUG=1",
					"$(inherited)",
				);
				GCC_SYMBOLS_PRIVATE_EXTERN = NO;
				GCC_WARN_64_TO_32_BIT_CONVERSION = YES;
				GCC_WARN_ABOUT_RETURN_TYPE = YES_ERROR;
				GCC_WARN_UNDECLARED_SELECTOR = YES;
				GCC_WARN_UNINITIALIZED_AUTOS = YES_AGGRESSIVE;
				GCC_WARN_UNUSED_FUNCTION = YES;
				GCC_WARN_UNUSED_VARIABLE = YES;
				IPHONEOS_DEPLOYMENT_TARGET = 9.0;
				MTL_ENABLE_DEBUG_INFO = YES;
				ONLY_ACTIVE_ARCH = YES;
				SDKROOT = iphoneos;
				SWIFT_OPTIMIZATION_LEVEL = "-Onone";
			};
			name = Debug;
		};
		607FACEE1AFB9204008FA782 /* Release */ = {
			isa = XCBuildConfiguration;
			buildSettings = {
				ALWAYS_SEARCH_USER_PATHS = NO;
				CLANG_ANALYZER_LOCALIZABILITY_NONLOCALIZED = YES;
				CLANG_CXX_LANGUAGE_STANDARD = "gnu++0x";
				CLANG_CXX_LIBRARY = "libc++";
				CLANG_ENABLE_MODULES = YES;
				CLANG_ENABLE_OBJC_ARC = YES;
				CLANG_WARN_BLOCK_CAPTURE_AUTORELEASING = YES;
				CLANG_WARN_BOOL_CONVERSION = YES;
				CLANG_WARN_COMMA = YES;
				CLANG_WARN_CONSTANT_CONVERSION = YES;
				CLANG_WARN_DEPRECATED_OBJC_IMPLEMENTATIONS = YES;
				CLANG_WARN_DIRECT_OBJC_ISA_USAGE = YES_ERROR;
				CLANG_WARN_EMPTY_BODY = YES;
				CLANG_WARN_ENUM_CONVERSION = YES;
				CLANG_WARN_INFINITE_RECURSION = YES;
				CLANG_WARN_INT_CONVERSION = YES;
				CLANG_WARN_NON_LITERAL_NULL_CONVERSION = YES;
				CLANG_WARN_OBJC_IMPLICIT_RETAIN_SELF = YES;
				CLANG_WARN_OBJC_LITERAL_CONVERSION = YES;
				CLANG_WARN_OBJC_ROOT_CLASS = YES_ERROR;
				CLANG_WARN_RANGE_LOOP_ANALYSIS = YES;
				CLANG_WARN_STRICT_PROTOTYPES = YES;
				CLANG_WARN_SUSPICIOUS_MOVE = YES;
				CLANG_WARN_UNREACHABLE_CODE = YES;
				CLANG_WARN__DUPLICATE_METHOD_MATCH = YES;
				"CODE_SIGN_IDENTITY[sdk=iphoneos*]" = "iPhone Developer";
				COPY_PHASE_STRIP = NO;
				DEBUG_INFORMATION_FORMAT = "dwarf-with-dsym";
				ENABLE_NS_ASSERTIONS = NO;
				ENABLE_STRICT_OBJC_MSGSEND = YES;
				GCC_C_LANGUAGE_STANDARD = gnu99;
				GCC_NO_COMMON_BLOCKS = YES;
				GCC_WARN_64_TO_32_BIT_CONVERSION = YES;
				GCC_WARN_ABOUT_RETURN_TYPE = YES_ERROR;
				GCC_WARN_UNDECLARED_SELECTOR = YES;
				GCC_WARN_UNINITIALIZED_AUTOS = YES_AGGRESSIVE;
				GCC_WARN_UNUSED_FUNCTION = YES;
				GCC_WARN_UNUSED_VARIABLE = YES;
				IPHONEOS_DEPLOYMENT_TARGET = 9.0;
				MTL_ENABLE_DEBUG_INFO = NO;
				SDKROOT = iphoneos;
				SWIFT_OPTIMIZATION_LEVEL = "-Owholemodule";
				VALIDATE_PRODUCT = YES;
			};
			name = Release;
		};
		607FACF01AFB9204008FA782 /* Debug */ = {
			isa = XCBuildConfiguration;
			baseConfigurationReference = 5342BFA9F39C7C5BC1674843 /* Pods-Easy_Example.debug.xcconfig */;
			buildSettings = {
				ASSETCATALOG_COMPILER_APPICON_NAME = AppIcon;
				DEVELOPMENT_TEAM = 6L62AGF62D;
				INFOPLIST_FILE = Easy/Info.plist;
				LD_RUNPATH_SEARCH_PATHS = "$(inherited) @executable_path/Frameworks";
				MODULE_NAME = ExampleApp;
				PRODUCT_BUNDLE_IDENTIFIER = "org.cocoapods.demo.$(PRODUCT_NAME:rfc1034identifier)";
				PRODUCT_NAME = "$(TARGET_NAME)";
				SWIFT_VERSION = 5.0;
			};
			name = Debug;
		};
		607FACF11AFB9204008FA782 /* Release */ = {
			isa = XCBuildConfiguration;
			baseConfigurationReference = 428FC6F9F08BD89FCCE843E4 /* Pods-Easy_Example.release.xcconfig */;
			buildSettings = {
				ASSETCATALOG_COMPILER_APPICON_NAME = AppIcon;
				DEVELOPMENT_TEAM = 6L62AGF62D;
				INFOPLIST_FILE = Easy/Info.plist;
				LD_RUNPATH_SEARCH_PATHS = "$(inherited) @executable_path/Frameworks";
				MODULE_NAME = ExampleApp;
				PRODUCT_BUNDLE_IDENTIFIER = "org.cocoapods.demo.$(PRODUCT_NAME:rfc1034identifier)";
				PRODUCT_NAME = "$(TARGET_NAME)";
				SWIFT_VERSION = 5.0;
			};
			name = Release;
		};
		607FACF31AFB9204008FA782 /* Debug */ = {
			isa = XCBuildConfiguration;
			baseConfigurationReference = 3F89AA360160C1BD6F86E63D /* Pods-Easy_Tests.debug.xcconfig */;
			buildSettings = {
				BUNDLE_LOADER = "$(TEST_HOST)";
				FRAMEWORK_SEARCH_PATHS = "$(inherited)";
				GCC_PREPROCESSOR_DEFINITIONS = (
					"DEBUG=1",
					"$(inherited)",
				);
				INFOPLIST_FILE = Tests/Info.plist;
				LD_RUNPATH_SEARCH_PATHS = "$(inherited) @executable_path/Frameworks @loader_path/Frameworks";
				PRODUCT_BUNDLE_IDENTIFIER = "org.cocoapods.$(PRODUCT_NAME:rfc1034identifier)";
				PRODUCT_NAME = "$(TARGET_NAME)";
				SWIFT_VERSION = 5.0;
				TEST_HOST = "$(BUILT_PRODUCTS_DIR)/Easy_Example.app/Easy_Example";
			};
			name = Debug;
		};
		607FACF41AFB9204008FA782 /* Release */ = {
			isa = XCBuildConfiguration;
			baseConfigurationReference = 8C3BB9F18B4802785753AE69 /* Pods-Easy_Tests.release.xcconfig */;
			buildSettings = {
				BUNDLE_LOADER = "$(TEST_HOST)";
				FRAMEWORK_SEARCH_PATHS = "$(inherited)";
				INFOPLIST_FILE = Tests/Info.plist;
				LD_RUNPATH_SEARCH_PATHS = "$(inherited) @executable_path/Frameworks @loader_path/Frameworks";
				PRODUCT_BUNDLE_IDENTIFIER = "org.cocoapods.$(PRODUCT_NAME:rfc1034identifier)";
				PRODUCT_NAME = "$(TARGET_NAME)";
				SWIFT_VERSION = 5.0;
				TEST_HOST = "$(BUILT_PRODUCTS_DIR)/Easy_Example.app/Easy_Example";
			};
			name = Release;
		};
		FE6652E22170A58A007E7051 /* Debug */ = {
			isa = XCBuildConfiguration;
			baseConfigurationReference = 1F5A6AD035B1129225ADC28F /* Pods-Easy_Example_Beta.debug.xcconfig */;
			buildSettings = {
				ASSETCATALOG_COMPILER_APPICON_NAME = AppIcon;
				CODE_SIGN_IDENTITY = "iPhone Developer";
				CODE_SIGN_STYLE = Automatic;
				DEVELOPMENT_TEAM = 6L62AGF62D;
				INFOPLIST_FILE = "$(SRCROOT)/Easy/Info.plist";
				LD_RUNPATH_SEARCH_PATHS = "$(inherited) @executable_path/Frameworks";
				MODULE_NAME = ExampleApp;
				PRODUCT_BUNDLE_IDENTIFIER = "org.cocoapods.demo.$(PRODUCT_NAME:rfc1034identifier)";
				PRODUCT_NAME = "$(TARGET_NAME)";
				PROVISIONING_PROFILE_SPECIFIER = "";
				SWIFT_VERSION = 5.0;
			};
			name = Debug;
		};
		FE6652E32170A58A007E7051 /* Release */ = {
			isa = XCBuildConfiguration;
			baseConfigurationReference = EE9CBAB7DD0DEE72E9CCE97D /* Pods-Easy_Example_Beta.release.xcconfig */;
			buildSettings = {
				ASSETCATALOG_COMPILER_APPICON_NAME = AppIcon;
				CODE_SIGN_IDENTITY = "iPhone Developer";
				CODE_SIGN_STYLE = Automatic;
				DEVELOPMENT_TEAM = 6L62AGF62D;
				INFOPLIST_FILE = "$(SRCROOT)/Easy/Info.plist";
				LD_RUNPATH_SEARCH_PATHS = "$(inherited) @executable_path/Frameworks";
				MODULE_NAME = ExampleApp;
				PRODUCT_BUNDLE_IDENTIFIER = "org.cocoapods.demo.$(PRODUCT_NAME:rfc1034identifier)";
				PRODUCT_NAME = "$(TARGET_NAME)";
				PROVISIONING_PROFILE_SPECIFIER = "";
				SWIFT_VERSION = 5.0;
			};
			name = Release;
		};
/* End XCBuildConfiguration section */

/* Begin XCConfigurationList section */
		607FACCB1AFB9204008FA782 /* Build configuration list for PBXProject "Easy" */ = {
			isa = XCConfigurationList;
			buildConfigurations = (
				607FACED1AFB9204008FA782 /* Debug */,
				607FACEE1AFB9204008FA782 /* Release */,
			);
			defaultConfigurationIsVisible = 0;
			defaultConfigurationName = Release;
		};
		607FACEF1AFB9204008FA782 /* Build configuration list for PBXNativeTarget "Easy_Example" */ = {
			isa = XCConfigurationList;
			buildConfigurations = (
				607FACF01AFB9204008FA782 /* Debug */,
				607FACF11AFB9204008FA782 /* Release */,
			);
			defaultConfigurationIsVisible = 0;
			defaultConfigurationName = Release;
		};
		607FACF21AFB9204008FA782 /* Build configuration list for PBXNativeTarget "Easy_Tests" */ = {
			isa = XCConfigurationList;
			buildConfigurations = (
				607FACF31AFB9204008FA782 /* Debug */,
				607FACF41AFB9204008FA782 /* Release */,
			);
			defaultConfigurationIsVisible = 0;
			defaultConfigurationName = Release;
		};
		FE6652E12170A58A007E7051 /* Build configuration list for PBXNativeTarget "Easy_Example_Beta" */ = {
			isa = XCConfigurationList;
			buildConfigurations = (
				FE6652E22170A58A007E7051 /* Debug */,
				FE6652E32170A58A007E7051 /* Release */,
			);
			defaultConfigurationIsVisible = 0;
			defaultConfigurationName = Release;
		};
/* End XCConfigurationList section */
	};
	rootObject = 607FACC81AFB9204008FA782 /* Project object */;
}
